
Microsoft Visual Studio Solution File, Format Version 12.00
# Visual Studio Version 16
VisualStudioVersion = 16.0.30114.105
MinimumVisualStudioVersion = 10.0.40219.1
Project("{2150E333-8FDC-42A3-9474-1A3956D46DE8}") = "Services", "Services", "{595BA9B6-7C5A-473A-8A10-DF90CF354E12}"
EndProject
Project("{2150E333-8FDC-42A3-9474-1A3956D46DE8}") = "Catalog", "Catalog", "{54ABC6BD-9DE7-4A2F-857D-C627E1A30262}"
EndProject
Project("{FAE04EC0-301F-11D3-BF4B-00C04F79EFBC}") = "Catalog.API", "Services\Catalog\Catalog.API\Catalog.API.csproj", "{F8B7E1FF-5EEF-4E23-A1D8-6C0DE03A0634}"
EndProject
Project("{2150E333-8FDC-42A3-9474-1A3956D46DE8}") = "BuildingBlocks", "BuildingBlocks", "{BA67480F-F979-4983-A259-5629FC83E2FA}"
EndProject
Project("{2150E333-8FDC-42A3-9474-1A3956D46DE8}") = "EventBus", "EventBus", "{8C1A436D-E9B8-4558-96C0-84CA9CCAFC95}"
EndProject
Project("{FAE04EC0-301F-11D3-BF4B-00C04F79EFBC}") = "EventBus", "BuildingBlocks\EventBus\EventBus\EventBus.csproj", "{FF3B01B6-4209-47BB-B291-E4C9D414BDEE}"
EndProject
Project("{FAE04EC0-301F-11D3-BF4B-00C04F79EFBC}") = "IntegrationEventLogEF", "BuildingBlocks\EventBus\IntegrationEventLogEF\IntegrationEventLogEF.csproj", "{F9584CA3-E255-452B-9750-A162AA6C5348}"
EndProject
Project("{FAE04EC0-301F-11D3-BF4B-00C04F79EFBC}") = "EventBusServiceBus", "BuildingBlocks\EventBus\EventBusServiceBus\EventBusServiceBus.csproj", "{BBABF6D9-1C9F-4F72-A711-959C45454A12}"
EndProject
Project("{FAE04EC0-301F-11D3-BF4B-00C04F79EFBC}") = "EventBusRabbitMQ", "BuildingBlocks\EventBus\EventBusRabbitMQ\EventBusRabbitMQ.csproj", "{47D35F8F-9446-4BEE-A5B7-EA8CDF36A1D9}"
EndProject
Project("{FAE04EC0-301F-11D3-BF4B-00C04F79EFBC}") = "Catalog.UnitTests", "Services\Catalog\Catalog.UnitTests\Catalog.UnitTests.csproj", "{17E3B576-C885-4367-975D-56EB643B1A68}"
EndProject
Project("{FAE04EC0-301F-11D3-BF4B-00C04F79EFBC}") = "Catalog.FunctionalTests", "Services\Catalog\Catalog.FunctionalTests\Catalog.FunctionalTests.csproj", "{438C06B5-F66D-45EA-8B6D-B6C88042B0B0}"
EndProject
Project("{2150E333-8FDC-42A3-9474-1A3956D46DE8}") = "Identity", "Identity", "{5AC2A51B-120B-46C5-AF33-E05C9B9FBF6B}"
EndProject
Project("{FAE04EC0-301F-11D3-BF4B-00C04F79EFBC}") = "Identity.API", "Services\Identity\Identity.API\Identity.API.csproj", "{C02E007A-D99A-4087-B4E6-20B5C9C1C9D7}"
EndProject
Project("{FAE04EC0-301F-11D3-BF4B-00C04F79EFBC}") = "Utils", "BuildingBlocks\Utils\Utils.csproj", "{0786EFA3-A511-40B0-856F-6D88FDAC0DC4}"
EndProject
Project("{2150E333-8FDC-42A3-9474-1A3956D46DE8}") = "Basket", "Basket", "{89D986BE-97D7-4FEA-B73A-F7717553B40D}"
EndProject
Project("{FAE04EC0-301F-11D3-BF4B-00C04F79EFBC}") = "Basket.API", "Services\Basket\Basket.API\Basket.API.csproj", "{5D695472-DB79-413A-8E35-1C7C8AD8DA3D}"
EndProject
Project("{FAE04EC0-301F-11D3-BF4B-00C04F79EFBC}") = "Basket.FunctionalTests", "Services\Basket\Basket.FunctionalTests\Basket.FunctionalTests.csproj", "{D93BD415-F2FA-4916-943D-AA2F059D217C}"
EndProject
Project("{FAE04EC0-301F-11D3-BF4B-00C04F79EFBC}") = "Basket.UnitTests", "Services\Basket\Basket.UnitTests\Basket.UnitTests.csproj", "{5D451C1E-6ABE-45BE-8EDF-15F909D42850}"
EndProject
Global
	GlobalSection(SolutionConfigurationPlatforms) = preSolution
		Debug|Any CPU = Debug|Any CPU
		Debug|x64 = Debug|x64
		Debug|x86 = Debug|x86
		Release|Any CPU = Release|Any CPU
		Release|x64 = Release|x64
		Release|x86 = Release|x86
	EndGlobalSection
	GlobalSection(SolutionProperties) = preSolution
		HideSolutionNode = FALSE
	EndGlobalSection
	GlobalSection(ProjectConfigurationPlatforms) = postSolution
		{F8B7E1FF-5EEF-4E23-A1D8-6C0DE03A0634}.Debug|Any CPU.ActiveCfg = Debug|Any CPU
		{F8B7E1FF-5EEF-4E23-A1D8-6C0DE03A0634}.Debug|Any CPU.Build.0 = Debug|Any CPU
		{F8B7E1FF-5EEF-4E23-A1D8-6C0DE03A0634}.Debug|x64.ActiveCfg = Debug|Any CPU
		{F8B7E1FF-5EEF-4E23-A1D8-6C0DE03A0634}.Debug|x64.Build.0 = Debug|Any CPU
		{F8B7E1FF-5EEF-4E23-A1D8-6C0DE03A0634}.Debug|x86.ActiveCfg = Debug|Any CPU
		{F8B7E1FF-5EEF-4E23-A1D8-6C0DE03A0634}.Debug|x86.Build.0 = Debug|Any CPU
		{F8B7E1FF-5EEF-4E23-A1D8-6C0DE03A0634}.Release|Any CPU.ActiveCfg = Release|Any CPU
		{F8B7E1FF-5EEF-4E23-A1D8-6C0DE03A0634}.Release|Any CPU.Build.0 = Release|Any CPU
		{F8B7E1FF-5EEF-4E23-A1D8-6C0DE03A0634}.Release|x64.ActiveCfg = Release|Any CPU
		{F8B7E1FF-5EEF-4E23-A1D8-6C0DE03A0634}.Release|x64.Build.0 = Release|Any CPU
		{F8B7E1FF-5EEF-4E23-A1D8-6C0DE03A0634}.Release|x86.ActiveCfg = Release|Any CPU
		{F8B7E1FF-5EEF-4E23-A1D8-6C0DE03A0634}.Release|x86.Build.0 = Release|Any CPU
		{FF3B01B6-4209-47BB-B291-E4C9D414BDEE}.Debug|Any CPU.ActiveCfg = Debug|Any CPU
		{FF3B01B6-4209-47BB-B291-E4C9D414BDEE}.Debug|Any CPU.Build.0 = Debug|Any CPU
		{FF3B01B6-4209-47BB-B291-E4C9D414BDEE}.Debug|x64.ActiveCfg = Debug|Any CPU
		{FF3B01B6-4209-47BB-B291-E4C9D414BDEE}.Debug|x64.Build.0 = Debug|Any CPU
		{FF3B01B6-4209-47BB-B291-E4C9D414BDEE}.Debug|x86.ActiveCfg = Debug|Any CPU
		{FF3B01B6-4209-47BB-B291-E4C9D414BDEE}.Debug|x86.Build.0 = Debug|Any CPU
		{FF3B01B6-4209-47BB-B291-E4C9D414BDEE}.Release|Any CPU.ActiveCfg = Release|Any CPU
		{FF3B01B6-4209-47BB-B291-E4C9D414BDEE}.Release|Any CPU.Build.0 = Release|Any CPU
		{FF3B01B6-4209-47BB-B291-E4C9D414BDEE}.Release|x64.ActiveCfg = Release|Any CPU
		{FF3B01B6-4209-47BB-B291-E4C9D414BDEE}.Release|x64.Build.0 = Release|Any CPU
		{FF3B01B6-4209-47BB-B291-E4C9D414BDEE}.Release|x86.ActiveCfg = Release|Any CPU
		{FF3B01B6-4209-47BB-B291-E4C9D414BDEE}.Release|x86.Build.0 = Release|Any CPU
		{F9584CA3-E255-452B-9750-A162AA6C5348}.Debug|Any CPU.ActiveCfg = Debug|Any CPU
		{F9584CA3-E255-452B-9750-A162AA6C5348}.Debug|Any CPU.Build.0 = Debug|Any CPU
		{F9584CA3-E255-452B-9750-A162AA6C5348}.Debug|x64.ActiveCfg = Debug|Any CPU
		{F9584CA3-E255-452B-9750-A162AA6C5348}.Debug|x64.Build.0 = Debug|Any CPU
		{F9584CA3-E255-452B-9750-A162AA6C5348}.Debug|x86.ActiveCfg = Debug|Any CPU
		{F9584CA3-E255-452B-9750-A162AA6C5348}.Debug|x86.Build.0 = Debug|Any CPU
		{F9584CA3-E255-452B-9750-A162AA6C5348}.Release|Any CPU.ActiveCfg = Release|Any CPU
		{F9584CA3-E255-452B-9750-A162AA6C5348}.Release|Any CPU.Build.0 = Release|Any CPU
		{F9584CA3-E255-452B-9750-A162AA6C5348}.Release|x64.ActiveCfg = Release|Any CPU
		{F9584CA3-E255-452B-9750-A162AA6C5348}.Release|x64.Build.0 = Release|Any CPU
		{F9584CA3-E255-452B-9750-A162AA6C5348}.Release|x86.ActiveCfg = Release|Any CPU
		{F9584CA3-E255-452B-9750-A162AA6C5348}.Release|x86.Build.0 = Release|Any CPU
		{BBABF6D9-1C9F-4F72-A711-959C45454A12}.Debug|Any CPU.ActiveCfg = Debug|Any CPU
		{BBABF6D9-1C9F-4F72-A711-959C45454A12}.Debug|Any CPU.Build.0 = Debug|Any CPU
		{BBABF6D9-1C9F-4F72-A711-959C45454A12}.Debug|x64.ActiveCfg = Debug|Any CPU
		{BBABF6D9-1C9F-4F72-A711-959C45454A12}.Debug|x64.Build.0 = Debug|Any CPU
		{BBABF6D9-1C9F-4F72-A711-959C45454A12}.Debug|x86.ActiveCfg = Debug|Any CPU
		{BBABF6D9-1C9F-4F72-A711-959C45454A12}.Debug|x86.Build.0 = Debug|Any CPU
		{BBABF6D9-1C9F-4F72-A711-959C45454A12}.Release|Any CPU.ActiveCfg = Release|Any CPU
		{BBABF6D9-1C9F-4F72-A711-959C45454A12}.Release|Any CPU.Build.0 = Release|Any CPU
		{BBABF6D9-1C9F-4F72-A711-959C45454A12}.Release|x64.ActiveCfg = Release|Any CPU
		{BBABF6D9-1C9F-4F72-A711-959C45454A12}.Release|x64.Build.0 = Release|Any CPU
		{BBABF6D9-1C9F-4F72-A711-959C45454A12}.Release|x86.ActiveCfg = Release|Any CPU
		{BBABF6D9-1C9F-4F72-A711-959C45454A12}.Release|x86.Build.0 = Release|Any CPU
		{47D35F8F-9446-4BEE-A5B7-EA8CDF36A1D9}.Debug|Any CPU.ActiveCfg = Debug|Any CPU
		{47D35F8F-9446-4BEE-A5B7-EA8CDF36A1D9}.Debug|Any CPU.Build.0 = Debug|Any CPU
		{47D35F8F-9446-4BEE-A5B7-EA8CDF36A1D9}.Debug|x64.ActiveCfg = Debug|Any CPU
		{47D35F8F-9446-4BEE-A5B7-EA8CDF36A1D9}.Debug|x64.Build.0 = Debug|Any CPU
		{47D35F8F-9446-4BEE-A5B7-EA8CDF36A1D9}.Debug|x86.ActiveCfg = Debug|Any CPU
		{47D35F8F-9446-4BEE-A5B7-EA8CDF36A1D9}.Debug|x86.Build.0 = Debug|Any CPU
		{47D35F8F-9446-4BEE-A5B7-EA8CDF36A1D9}.Release|Any CPU.ActiveCfg = Release|Any CPU
		{47D35F8F-9446-4BEE-A5B7-EA8CDF36A1D9}.Release|Any CPU.Build.0 = Release|Any CPU
		{47D35F8F-9446-4BEE-A5B7-EA8CDF36A1D9}.Release|x64.ActiveCfg = Release|Any CPU
		{47D35F8F-9446-4BEE-A5B7-EA8CDF36A1D9}.Release|x64.Build.0 = Release|Any CPU
		{47D35F8F-9446-4BEE-A5B7-EA8CDF36A1D9}.Release|x86.ActiveCfg = Release|Any CPU
		{47D35F8F-9446-4BEE-A5B7-EA8CDF36A1D9}.Release|x86.Build.0 = Release|Any CPU
		{17E3B576-C885-4367-975D-56EB643B1A68}.Debug|Any CPU.ActiveCfg = Debug|Any CPU
		{17E3B576-C885-4367-975D-56EB643B1A68}.Debug|Any CPU.Build.0 = Debug|Any CPU
		{17E3B576-C885-4367-975D-56EB643B1A68}.Debug|x64.ActiveCfg = Debug|Any CPU
		{17E3B576-C885-4367-975D-56EB643B1A68}.Debug|x64.Build.0 = Debug|Any CPU
		{17E3B576-C885-4367-975D-56EB643B1A68}.Debug|x86.ActiveCfg = Debug|Any CPU
		{17E3B576-C885-4367-975D-56EB643B1A68}.Debug|x86.Build.0 = Debug|Any CPU
		{17E3B576-C885-4367-975D-56EB643B1A68}.Release|Any CPU.ActiveCfg = Release|Any CPU
		{17E3B576-C885-4367-975D-56EB643B1A68}.Release|Any CPU.Build.0 = Release|Any CPU
		{17E3B576-C885-4367-975D-56EB643B1A68}.Release|x64.ActiveCfg = Release|Any CPU
		{17E3B576-C885-4367-975D-56EB643B1A68}.Release|x64.Build.0 = Release|Any CPU
		{17E3B576-C885-4367-975D-56EB643B1A68}.Release|x86.ActiveCfg = Release|Any CPU
		{17E3B576-C885-4367-975D-56EB643B1A68}.Release|x86.Build.0 = Release|Any CPU
		{438C06B5-F66D-45EA-8B6D-B6C88042B0B0}.Debug|Any CPU.ActiveCfg = Debug|Any CPU
		{438C06B5-F66D-45EA-8B6D-B6C88042B0B0}.Debug|Any CPU.Build.0 = Debug|Any CPU
		{438C06B5-F66D-45EA-8B6D-B6C88042B0B0}.Debug|x64.ActiveCfg = Debug|Any CPU
		{438C06B5-F66D-45EA-8B6D-B6C88042B0B0}.Debug|x64.Build.0 = Debug|Any CPU
		{438C06B5-F66D-45EA-8B6D-B6C88042B0B0}.Debug|x86.ActiveCfg = Debug|Any CPU
		{438C06B5-F66D-45EA-8B6D-B6C88042B0B0}.Debug|x86.Build.0 = Debug|Any CPU
		{438C06B5-F66D-45EA-8B6D-B6C88042B0B0}.Release|Any CPU.ActiveCfg = Release|Any CPU
		{438C06B5-F66D-45EA-8B6D-B6C88042B0B0}.Release|Any CPU.Build.0 = Release|Any CPU
		{438C06B5-F66D-45EA-8B6D-B6C88042B0B0}.Release|x64.ActiveCfg = Release|Any CPU
		{438C06B5-F66D-45EA-8B6D-B6C88042B0B0}.Release|x64.Build.0 = Release|Any CPU
		{438C06B5-F66D-45EA-8B6D-B6C88042B0B0}.Release|x86.ActiveCfg = Release|Any CPU
		{438C06B5-F66D-45EA-8B6D-B6C88042B0B0}.Release|x86.Build.0 = Release|Any CPU
		{C02E007A-D99A-4087-B4E6-20B5C9C1C9D7}.Debug|Any CPU.ActiveCfg = Debug|Any CPU
		{C02E007A-D99A-4087-B4E6-20B5C9C1C9D7}.Debug|Any CPU.Build.0 = Debug|Any CPU
		{C02E007A-D99A-4087-B4E6-20B5C9C1C9D7}.Debug|x64.ActiveCfg = Debug|Any CPU
		{C02E007A-D99A-4087-B4E6-20B5C9C1C9D7}.Debug|x64.Build.0 = Debug|Any CPU
		{C02E007A-D99A-4087-B4E6-20B5C9C1C9D7}.Debug|x86.ActiveCfg = Debug|Any CPU
		{C02E007A-D99A-4087-B4E6-20B5C9C1C9D7}.Debug|x86.Build.0 = Debug|Any CPU
		{C02E007A-D99A-4087-B4E6-20B5C9C1C9D7}.Release|Any CPU.ActiveCfg = Release|Any CPU
		{C02E007A-D99A-4087-B4E6-20B5C9C1C9D7}.Release|Any CPU.Build.0 = Release|Any CPU
		{C02E007A-D99A-4087-B4E6-20B5C9C1C9D7}.Release|x64.ActiveCfg = Release|Any CPU
		{C02E007A-D99A-4087-B4E6-20B5C9C1C9D7}.Release|x64.Build.0 = Release|Any CPU
		{C02E007A-D99A-4087-B4E6-20B5C9C1C9D7}.Release|x86.ActiveCfg = Release|Any CPU
		{C02E007A-D99A-4087-B4E6-20B5C9C1C9D7}.Release|x86.Build.0 = Release|Any CPU
		{0786EFA3-A511-40B0-856F-6D88FDAC0DC4}.Debug|Any CPU.ActiveCfg = Debug|Any CPU
		{0786EFA3-A511-40B0-856F-6D88FDAC0DC4}.Debug|Any CPU.Build.0 = Debug|Any CPU
		{0786EFA3-A511-40B0-856F-6D88FDAC0DC4}.Debug|x64.ActiveCfg = Debug|Any CPU
		{0786EFA3-A511-40B0-856F-6D88FDAC0DC4}.Debug|x64.Build.0 = Debug|Any CPU
		{0786EFA3-A511-40B0-856F-6D88FDAC0DC4}.Debug|x86.ActiveCfg = Debug|Any CPU
		{0786EFA3-A511-40B0-856F-6D88FDAC0DC4}.Debug|x86.Build.0 = Debug|Any CPU
		{0786EFA3-A511-40B0-856F-6D88FDAC0DC4}.Release|Any CPU.ActiveCfg = Release|Any CPU
		{0786EFA3-A511-40B0-856F-6D88FDAC0DC4}.Release|Any CPU.Build.0 = Release|Any CPU
		{0786EFA3-A511-40B0-856F-6D88FDAC0DC4}.Release|x64.ActiveCfg = Release|Any CPU
		{0786EFA3-A511-40B0-856F-6D88FDAC0DC4}.Release|x64.Build.0 = Release|Any CPU
		{0786EFA3-A511-40B0-856F-6D88FDAC0DC4}.Release|x86.ActiveCfg = Release|Any CPU
		{0786EFA3-A511-40B0-856F-6D88FDAC0DC4}.Release|x86.Build.0 = Release|Any CPU
		{5D695472-DB79-413A-8E35-1C7C8AD8DA3D}.Debug|Any CPU.ActiveCfg = Debug|Any CPU
		{5D695472-DB79-413A-8E35-1C7C8AD8DA3D}.Debug|Any CPU.Build.0 = Debug|Any CPU
		{5D695472-DB79-413A-8E35-1C7C8AD8DA3D}.Debug|x64.ActiveCfg = Debug|Any CPU
		{5D695472-DB79-413A-8E35-1C7C8AD8DA3D}.Debug|x64.Build.0 = Debug|Any CPU
		{5D695472-DB79-413A-8E35-1C7C8AD8DA3D}.Debug|x86.ActiveCfg = Debug|Any CPU
		{5D695472-DB79-413A-8E35-1C7C8AD8DA3D}.Debug|x86.Build.0 = Debug|Any CPU
		{5D695472-DB79-413A-8E35-1C7C8AD8DA3D}.Release|Any CPU.ActiveCfg = Release|Any CPU
		{5D695472-DB79-413A-8E35-1C7C8AD8DA3D}.Release|Any CPU.Build.0 = Release|Any CPU
		{5D695472-DB79-413A-8E35-1C7C8AD8DA3D}.Release|x64.ActiveCfg = Release|Any CPU
		{5D695472-DB79-413A-8E35-1C7C8AD8DA3D}.Release|x64.Build.0 = Release|Any CPU
		{5D695472-DB79-413A-8E35-1C7C8AD8DA3D}.Release|x86.ActiveCfg = Release|Any CPU
		{5D695472-DB79-413A-8E35-1C7C8AD8DA3D}.Release|x86.Build.0 = Release|Any CPU
		{D93BD415-F2FA-4916-943D-AA2F059D217C}.Debug|Any CPU.ActiveCfg = Debug|Any CPU
		{D93BD415-F2FA-4916-943D-AA2F059D217C}.Debug|Any CPU.Build.0 = Debug|Any CPU
		{D93BD415-F2FA-4916-943D-AA2F059D217C}.Debug|x64.ActiveCfg = Debug|Any CPU
		{D93BD415-F2FA-4916-943D-AA2F059D217C}.Debug|x64.Build.0 = Debug|Any CPU
		{D93BD415-F2FA-4916-943D-AA2F059D217C}.Debug|x86.ActiveCfg = Debug|Any CPU
		{D93BD415-F2FA-4916-943D-AA2F059D217C}.Debug|x86.Build.0 = Debug|Any CPU
		{D93BD415-F2FA-4916-943D-AA2F059D217C}.Release|Any CPU.ActiveCfg = Release|Any CPU
		{D93BD415-F2FA-4916-943D-AA2F059D217C}.Release|Any CPU.Build.0 = Release|Any CPU
		{D93BD415-F2FA-4916-943D-AA2F059D217C}.Release|x64.ActiveCfg = Release|Any CPU
		{D93BD415-F2FA-4916-943D-AA2F059D217C}.Release|x64.Build.0 = Release|Any CPU
		{D93BD415-F2FA-4916-943D-AA2F059D217C}.Release|x86.ActiveCfg = Release|Any CPU
		{D93BD415-F2FA-4916-943D-AA2F059D217C}.Release|x86.Build.0 = Release|Any CPU
		{5D451C1E-6ABE-45BE-8EDF-15F909D42850}.Debug|Any CPU.ActiveCfg = Debug|Any CPU
		{5D451C1E-6ABE-45BE-8EDF-15F909D42850}.Debug|Any CPU.Build.0 = Debug|Any CPU
		{5D451C1E-6ABE-45BE-8EDF-15F909D42850}.Debug|x64.ActiveCfg = Debug|Any CPU
		{5D451C1E-6ABE-45BE-8EDF-15F909D42850}.Debug|x64.Build.0 = Debug|Any CPU
		{5D451C1E-6ABE-45BE-8EDF-15F909D42850}.Debug|x86.ActiveCfg = Debug|Any CPU
		{5D451C1E-6ABE-45BE-8EDF-15F909D42850}.Debug|x86.Build.0 = Debug|Any CPU
		{5D451C1E-6ABE-45BE-8EDF-15F909D42850}.Release|Any CPU.ActiveCfg = Release|Any CPU
		{5D451C1E-6ABE-45BE-8EDF-15F909D42850}.Release|Any CPU.Build.0 = Release|Any CPU
		{5D451C1E-6ABE-45BE-8EDF-15F909D42850}.Release|x64.ActiveCfg = Release|Any CPU
		{5D451C1E-6ABE-45BE-8EDF-15F909D42850}.Release|x64.Build.0 = Release|Any CPU
		{5D451C1E-6ABE-45BE-8EDF-15F909D42850}.Release|x86.ActiveCfg = Release|Any CPU
		{5D451C1E-6ABE-45BE-8EDF-15F909D42850}.Release|x86.Build.0 = Release|Any CPU
	EndGlobalSection
	GlobalSection(NestedProjects) = preSolution
		{54ABC6BD-9DE7-4A2F-857D-C627E1A30262} = {595BA9B6-7C5A-473A-8A10-DF90CF354E12}
		{F8B7E1FF-5EEF-4E23-A1D8-6C0DE03A0634} = {54ABC6BD-9DE7-4A2F-857D-C627E1A30262}
		{8C1A436D-E9B8-4558-96C0-84CA9CCAFC95} = {BA67480F-F979-4983-A259-5629FC83E2FA}
		{FF3B01B6-4209-47BB-B291-E4C9D414BDEE} = {8C1A436D-E9B8-4558-96C0-84CA9CCAFC95}
		{F9584CA3-E255-452B-9750-A162AA6C5348} = {8C1A436D-E9B8-4558-96C0-84CA9CCAFC95}
		{BBABF6D9-1C9F-4F72-A711-959C45454A12} = {8C1A436D-E9B8-4558-96C0-84CA9CCAFC95}
		{47D35F8F-9446-4BEE-A5B7-EA8CDF36A1D9} = {8C1A436D-E9B8-4558-96C0-84CA9CCAFC95}
		{17E3B576-C885-4367-975D-56EB643B1A68} = {54ABC6BD-9DE7-4A2F-857D-C627E1A30262}
		{438C06B5-F66D-45EA-8B6D-B6C88042B0B0} = {54ABC6BD-9DE7-4A2F-857D-C627E1A30262}
		{5AC2A51B-120B-46C5-AF33-E05C9B9FBF6B} = {595BA9B6-7C5A-473A-8A10-DF90CF354E12}
		{C02E007A-D99A-4087-B4E6-20B5C9C1C9D7} = {5AC2A51B-120B-46C5-AF33-E05C9B9FBF6B}
		{0786EFA3-A511-40B0-856F-6D88FDAC0DC4} = {BA67480F-F979-4983-A259-5629FC83E2FA}
		{89D986BE-97D7-4FEA-B73A-F7717553B40D} = {595BA9B6-7C5A-473A-8A10-DF90CF354E12}
		{5D695472-DB79-413A-8E35-1C7C8AD8DA3D} = {89D986BE-97D7-4FEA-B73A-F7717553B40D}
		{D93BD415-F2FA-4916-943D-AA2F059D217C} = {89D986BE-97D7-4FEA-B73A-F7717553B40D}
		{5D451C1E-6ABE-45BE-8EDF-15F909D42850} = {89D986BE-97D7-4FEA-B73A-F7717553B40D}
	EndGlobalSection
EndGlobal
